
Microsoft Visual Studio Solution File, Format Version 12.00
# Visual Studio Version 16
VisualStudioVersion = 16.0.29020.237
MinimumVisualStudioVersion = 10.0.40219.1
Project("{FAE04EC0-301F-11D3-BF4B-00C04F79EFBC}") = "CaptureTheChris.Web", "CaptureTheChris.Web\CaptureTheChris.Web.csproj", "{E1704B19-B8C8-4042-8D91-A5D9AFF2239A}"
EndProject
Project("{FAE04EC0-301F-11D3-BF4B-00C04F79EFBC}") = "CaptureTheChris.Tests", "CaptureTheChris.Tests\CaptureTheChris.Tests.csproj", "{17802973-EF80-4F9A-A430-06EDB75EDE77}"
EndProject
Project("{9A19103F-16F7-4668-BE54-9A1E7A4F7556}") = "CaptureTheChris.Enums", "CaptureTheChris.Enums\CaptureTheChris.Enums.csproj", "{F3D310AB-5FEB-4FAD-B7FF-3A203C1A68C2}"
EndProject
Project("{9A19103F-16F7-4668-BE54-9A1E7A4F7556}") = "CaptureTheChris.Interfaces", "CaptureTheChris.Interfaces\CaptureTheChris.Interfaces.csproj", "{3E27F4B3-1DB5-4833-AF15-CA05C119FBC1}"
EndProject
Project("{FAE04EC0-301F-11D3-BF4B-00C04F79EFBC}") = "CaptureTheChris.Hangman", "CaptureTheChris.Hangman\CaptureTheChris.Hangman.csproj", "{95EB598F-EE1E-463B-BC28-AD480EAF8E53}"
EndProject
Project("{FAE04EC0-301F-11D3-BF4B-00C04F79EFBC}") = "CaptureTheChris.Randomness", "CaptureTheChris.Randomness\CaptureTheChris.Randomness.csproj", "{DEA19E8D-B035-4FAF-A6EE-757E808EE225}"
EndProject
Project("{FAE04EC0-301F-11D3-BF4B-00C04F79EFBC}") = "CaptureTheChris.GuessNumber", "CaptureTheChris.GuessNumber\CaptureTheChris.GuessNumber.csproj", "{07D83EAA-8246-47B2-AF02-C92400BE9C65}"
EndProject
Project("{FAE04EC0-301F-11D3-BF4B-00C04F79EFBC}") = "CaptureTheChris.GameLogic", "CaptureTheChris.GameLogic\CaptureTheChris.GameLogic.csproj", "{4C52104B-30D1-4663-B92B-A0A2F8256FB3}"
EndProject
Project("{FAE04EC0-301F-11D3-BF4B-00C04F79EFBC}") = "CaptureTheChris.Data", "CaptureTheChris.Data\CaptureTheChris.Data.csproj", "{EEF3AC6B-DEE0-4D6E-9403-CAB76B7984DF}"
EndProject
Global
	GlobalSection(SolutionConfigurationPlatforms) = preSolution
		Debug|Any CPU = Debug|Any CPU
		Release|Any CPU = Release|Any CPU
	EndGlobalSection
	GlobalSection(ProjectConfigurationPlatforms) = postSolution
		{E1704B19-B8C8-4042-8D91-A5D9AFF2239A}.Debug|Any CPU.ActiveCfg = Debug|Any CPU
		{E1704B19-B8C8-4042-8D91-A5D9AFF2239A}.Debug|Any CPU.Build.0 = Debug|Any CPU
		{E1704B19-B8C8-4042-8D91-A5D9AFF2239A}.Release|Any CPU.ActiveCfg = Release|Any CPU
		{E1704B19-B8C8-4042-8D91-A5D9AFF2239A}.Release|Any CPU.Build.0 = Release|Any CPU
		{17802973-EF80-4F9A-A430-06EDB75EDE77}.Debug|Any CPU.ActiveCfg = Debug|Any CPU
		{17802973-EF80-4F9A-A430-06EDB75EDE77}.Debug|Any CPU.Build.0 = Debug|Any CPU
		{17802973-EF80-4F9A-A430-06EDB75EDE77}.Release|Any CPU.ActiveCfg = Release|Any CPU
		{17802973-EF80-4F9A-A430-06EDB75EDE77}.Release|Any CPU.Build.0 = Release|Any CPU
		{F3D310AB-5FEB-4FAD-B7FF-3A203C1A68C2}.Debug|Any CPU.ActiveCfg = Debug|Any CPU
		{F3D310AB-5FEB-4FAD-B7FF-3A203C1A68C2}.Debug|Any CPU.Build.0 = Debug|Any CPU
		{F3D310AB-5FEB-4FAD-B7FF-3A203C1A68C2}.Release|Any CPU.ActiveCfg = Release|Any CPU
		{F3D310AB-5FEB-4FAD-B7FF-3A203C1A68C2}.Release|Any CPU.Build.0 = Release|Any CPU
		{3E27F4B3-1DB5-4833-AF15-CA05C119FBC1}.Debug|Any CPU.ActiveCfg = Debug|Any CPU
		{3E27F4B3-1DB5-4833-AF15-CA05C119FBC1}.Debug|Any CPU.Build.0 = Debug|Any CPU
		{3E27F4B3-1DB5-4833-AF15-CA05C119FBC1}.Release|Any CPU.ActiveCfg = Release|Any CPU
		{3E27F4B3-1DB5-4833-AF15-CA05C119FBC1}.Release|Any CPU.Build.0 = Release|Any CPU
		{95EB598F-EE1E-463B-BC28-AD480EAF8E53}.Debug|Any CPU.ActiveCfg = Debug|Any CPU
		{95EB598F-EE1E-463B-BC28-AD480EAF8E53}.Debug|Any CPU.Build.0 = Debug|Any CPU
		{95EB598F-EE1E-463B-BC28-AD480EAF8E53}.Release|Any CPU.ActiveCfg = Release|Any CPU
		{95EB598F-EE1E-463B-BC28-AD480EAF8E53}.Release|Any CPU.Build.0 = Release|Any CPU
		{DEA19E8D-B035-4FAF-A6EE-757E808EE225}.Debug|Any CPU.ActiveCfg = Debug|Any CPU
		{DEA19E8D-B035-4FAF-A6EE-757E808EE225}.Debug|Any CPU.Build.0 = Debug|Any CPU
		{DEA19E8D-B035-4FAF-A6EE-757E808EE225}.Release|Any CPU.ActiveCfg = Release|Any CPU
		{DEA19E8D-B035-4FAF-A6EE-757E808EE225}.Release|Any CPU.Build.0 = Release|Any CPU
		{07D83EAA-8246-47B2-AF02-C92400BE9C65}.Debug|Any CPU.ActiveCfg = Debug|Any CPU
		{07D83EAA-8246-47B2-AF02-C92400BE9C65}.Debug|Any CPU.Build.0 = Debug|Any CPU
		{07D83EAA-8246-47B2-AF02-C92400BE9C65}.Release|Any CPU.ActiveCfg = Release|Any CPU
		{07D83EAA-8246-47B2-AF02-C92400BE9C65}.Release|Any CPU.Build.0 = Release|Any CPU
		{4C52104B-30D1-4663-B92B-A0A2F8256FB3}.Debug|Any CPU.ActiveCfg = Debug|Any CPU
		{4C52104B-30D1-4663-B92B-A0A2F8256FB3}.Debug|Any CPU.Build.0 = Debug|Any CPU
		{4C52104B-30D1-4663-B92B-A0A2F8256FB3}.Release|Any CPU.ActiveCfg = Release|Any CPU
		{4C52104B-30D1-4663-B92B-A0A2F8256FB3}.Release|Any CPU.Build.0 = Release|Any CPU
		{EEF3AC6B-DEE0-4D6E-9403-CAB76B7984DF}.Debug|Any CPU.ActiveCfg = Debug|Any CPU
		{EEF3AC6B-DEE0-4D6E-9403-CAB76B7984DF}.Debug|Any CPU.Build.0 = Debug|Any CPU
		{EEF3AC6B-DEE0-4D6E-9403-CAB76B7984DF}.Release|Any CPU.ActiveCfg = Release|Any CPU
		{EEF3AC6B-DEE0-4D6E-9403-CAB76B7984DF}.Release|Any CPU.Build.0 = Release|Any CPU
	EndGlobalSection
	GlobalSection(SolutionProperties) = preSolution
		HideSolutionNode = FALSE
	EndGlobalSection
	GlobalSection(ExtensibilityGlobals) = postSolution
		SolutionGuid = {CF6D5639-50CD-463F-9ED1-C8CAE831B943}
	EndGlobalSection
EndGlobal
